
Microsoft Visual Studio Solution File, Format Version 12.00
# Visual Studio Version 17
VisualStudioVersion = 17.8.34408.163
MinimumVisualStudioVersion = 10.0.40219.1
Project("{FAE04EC0-301F-11D3-BF4B-00C04F79EFBC}") = "Quiz1", "Quiz1\Quiz1.csproj", "{CED11EC3-E814-443E-8D5F-29F943018696}"
EndProject
Global
	GlobalSection(SolutionConfigurationPlatforms) = preSolution
		Debug|Any CPU = Debug|Any CPU
		Release|Any CPU = Release|Any CPU
	EndGlobalSection
	GlobalSection(ProjectConfigurationPlatforms) = postSolution
		{CED11EC3-E814-443E-8D5F-29F943018696}.Debug|Any CPU.ActiveCfg = Debug|Any CPU
		{CED11EC3-E814-443E-8D5F-29F943018696}.Debug|Any CPU.Build.0 = Debug|Any CPU
		{CED11EC3-E814-443E-8D5F-29F943018696}.Release|Any CPU.ActiveCfg = Release|Any CPU
		{CED11EC3-E814-443E-8D5F-29F943018696}.Release|Any CPU.Build.0 = Release|Any CPU
	EndGlobalSection
	GlobalSection(SolutionProperties) = preSolution
		HideSolutionNode = FALSE
	EndGlobalSection
	GlobalSection(ExtensibilityGlobals) = postSolution
		SolutionGuid = {0E46AD76-D87D-4F59-A839-9B2B156DA38B}
	EndGlobalSection
EndGlobal
